<?xml version="1.0" encoding="UTF-8" standalone="yes" ?>
<CodeBlocks_project_file>
	<FileVersion major="1" minor="6" />
	<Project>
		<Option title="VT2" />
		<Option pch_mode="2" />
		<Option compiler="gcc" />
		<Option virtualFolders="VT2/include/;" />
		<Build>
			<Target title="Debug">
				<Option output="bin/Debug/VT2" prefix_auto="1" extension_auto="1" />
				<Option object_output="obj/Debug/" />
				<Option type="1" />
				<Option compiler="gcc" />
				<Compiler>
					<Add option="-g" />
					<Add directory="include" />
				</Compiler>
			</Target>
			<Target title="Release">
				<Option output="bin/Release/VT2" prefix_auto="1" extension_auto="1" />
				<Option object_output="obj/Release/" />
				<Option type="1" />
				<Option compiler="gcc" />
				<Compiler>
					<Add option="-O2" />
					<Add directory="include" />
				</Compiler>
				<Linker>
					<Add option="-s" />
				</Linker>
			</Target>
		</Build>
		<Compiler>
			<Add option="-Wall" />
		</Compiler>
		<Unit filename="../ooj-2017-022/Catch.hpp">
			<Option virtualFolder="VT2/include/" />
		</Unit>
		<Unit filename="include/IntElement.h" />
		<Unit filename="include/SquareMatrix.h" />
		<Unit filename="src/IntElement.cpp" />
		<Unit filename="src/SquareMatrix.cpp" />
		<Extensions>
			<envvars />
			<code_completion />
			<lib_finder disable_auto="1" />
			<debugger />
		</Extensions>
	</Project>
</CodeBlocks_project_file>
